
Microsoft Visual Studio Solution File, Format Version 12.00
# Visual Studio Version 17
VisualStudioVersion = 17.10.35027.167
MinimumVisualStudioVersion = 10.0.40219.1
Project("{FAE04EC0-301F-11D3-BF4B-00C04F79EFBC}") = "ASPCoreViewImports", "ASPCoreViewImports\ASPCoreViewImports.csproj", "{D18B6E3F-6F97-42F8-B66F-0BCDB9247C1A}"
EndProject
Global
	GlobalSection(SolutionConfigurationPlatforms) = preSolution
		Debug|Any CPU = Debug|Any CPU
		Release|Any CPU = Release|Any CPU
	EndGlobalSection
	GlobalSection(ProjectConfigurationPlatforms) = postSolution
		{D18B6E3F-6F97-42F8-B66F-0BCDB9247C1A}.Debug|Any CPU.ActiveCfg = Debug|Any CPU
		{D18B6E3F-6F97-42F8-B66F-0BCDB9247C1A}.Debug|Any CPU.Build.0 = Debug|Any CPU
		{D18B6E3F-6F97-42F8-B66F-0BCDB9247C1A}.Release|Any CPU.ActiveCfg = Release|Any CPU
		{D18B6E3F-6F97-42F8-B66F-0BCDB9247C1A}.Release|Any CPU.Build.0 = Release|Any CPU
	EndGlobalSection
	GlobalSection(SolutionProperties) = preSolution
		HideSolutionNode = FALSE
	EndGlobalSection
	GlobalSection(ExtensibilityGlobals) = postSolution
		SolutionGuid = {B4224D30-F13D-4173-B8CF-A4B402E8252E}
	EndGlobalSection
EndGlobal
